
Microsoft Visual Studio Solution File, Format Version 11.00
# Visual Studio 2010
Project("{FAE04EC0-301F-11D3-BF4B-00C04F79EFBC}") = "FileBackuper.GUI", "FileBackuper.GUI\FileBackuper.GUI.csproj", "{56E029A1-45A7-4F92-8D4B-CC9BC8057132}"
EndProject
Project("{FAE04EC0-301F-11D3-BF4B-00C04F79EFBC}") = "FileBackuper.Model", "FileBackuper.Model\FileBackuper.Model.csproj", "{BD3DFD38-C36B-4641-85E1-D4639036A24E}"
EndProject
Project("{FAE04EC0-301F-11D3-BF4B-00C04F79EFBC}") = "FileBackuper.Controls", "FileBackuper.Controls\FileBackuper.Controls.csproj", "{64FF98D4-4454-40F6-9577-37F6D95AE4FC}"
EndProject
Project("{FAE04EC0-301F-11D3-BF4B-00C04F79EFBC}") = "FileBackuper.TestConsole", "FileBackuper.TestConsole\FileBackuper.TestConsole.csproj", "{0AB2A06A-591F-4427-A5D3-9D7320E98369}"
EndProject
Project("{FAE04EC0-301F-11D3-BF4B-00C04F79EFBC}") = "FileBackuper.Logic", "FileBackuper.Logic\FileBackuper.Logic.csproj", "{481132A3-D269-4952-B582-42C69C4891F4}"
EndProject
Global
	GlobalSection(SolutionConfigurationPlatforms) = preSolution
		Debug|Any CPU = Debug|Any CPU
		Debug|Mixed Platforms = Debug|Mixed Platforms
		Debug|x86 = Debug|x86
		Release|Any CPU = Release|Any CPU
		Release|Mixed Platforms = Release|Mixed Platforms
		Release|x86 = Release|x86
	EndGlobalSection
	GlobalSection(ProjectConfigurationPlatforms) = postSolution
		{56E029A1-45A7-4F92-8D4B-CC9BC8057132}.Debug|Any CPU.ActiveCfg = Debug|x86
		{56E029A1-45A7-4F92-8D4B-CC9BC8057132}.Debug|Mixed Platforms.ActiveCfg = Debug|x86
		{56E029A1-45A7-4F92-8D4B-CC9BC8057132}.Debug|Mixed Platforms.Build.0 = Debug|x86
		{56E029A1-45A7-4F92-8D4B-CC9BC8057132}.Debug|x86.ActiveCfg = Debug|x86
		{56E029A1-45A7-4F92-8D4B-CC9BC8057132}.Debug|x86.Build.0 = Debug|x86
		{56E029A1-45A7-4F92-8D4B-CC9BC8057132}.Release|Any CPU.ActiveCfg = Release|x86
		{56E029A1-45A7-4F92-8D4B-CC9BC8057132}.Release|Mixed Platforms.ActiveCfg = Release|x86
		{56E029A1-45A7-4F92-8D4B-CC9BC8057132}.Release|Mixed Platforms.Build.0 = Release|x86
		{56E029A1-45A7-4F92-8D4B-CC9BC8057132}.Release|x86.ActiveCfg = Release|x86
		{56E029A1-45A7-4F92-8D4B-CC9BC8057132}.Release|x86.Build.0 = Release|x86
		{BD3DFD38-C36B-4641-85E1-D4639036A24E}.Debug|Any CPU.ActiveCfg = Debug|Any CPU
		{BD3DFD38-C36B-4641-85E1-D4639036A24E}.Debug|Any CPU.Build.0 = Debug|Any CPU
		{BD3DFD38-C36B-4641-85E1-D4639036A24E}.Debug|Mixed Platforms.ActiveCfg = Debug|Any CPU
		{BD3DFD38-C36B-4641-85E1-D4639036A24E}.Debug|Mixed Platforms.Build.0 = Debug|Any CPU
		{BD3DFD38-C36B-4641-85E1-D4639036A24E}.Debug|x86.ActiveCfg = Debug|Any CPU
		{BD3DFD38-C36B-4641-85E1-D4639036A24E}.Release|Any CPU.ActiveCfg = Release|Any CPU
		{BD3DFD38-C36B-4641-85E1-D4639036A24E}.Release|Any CPU.Build.0 = Release|Any CPU
		{BD3DFD38-C36B-4641-85E1-D4639036A24E}.Release|Mixed Platforms.ActiveCfg = Release|Any CPU
		{BD3DFD38-C36B-4641-85E1-D4639036A24E}.Release|Mixed Platforms.Build.0 = Release|Any CPU
		{BD3DFD38-C36B-4641-85E1-D4639036A24E}.Release|x86.ActiveCfg = Release|Any CPU
		{64FF98D4-4454-40F6-9577-37F6D95AE4FC}.Debug|Any CPU.ActiveCfg = Debug|Any CPU
		{64FF98D4-4454-40F6-9577-37F6D95AE4FC}.Debug|Any CPU.Build.0 = Debug|Any CPU
		{64FF98D4-4454-40F6-9577-37F6D95AE4FC}.Debug|Mixed Platforms.ActiveCfg = Debug|Any CPU
		{64FF98D4-4454-40F6-9577-37F6D95AE4FC}.Debug|Mixed Platforms.Build.0 = Debug|Any CPU
		{64FF98D4-4454-40F6-9577-37F6D95AE4FC}.Debug|x86.ActiveCfg = Debug|Any CPU
		{64FF98D4-4454-40F6-9577-37F6D95AE4FC}.Release|Any CPU.ActiveCfg = Release|Any CPU
		{64FF98D4-4454-40F6-9577-37F6D95AE4FC}.Release|Any CPU.Build.0 = Release|Any CPU
		{64FF98D4-4454-40F6-9577-37F6D95AE4FC}.Release|Mixed Platforms.ActiveCfg = Release|Any CPU
		{64FF98D4-4454-40F6-9577-37F6D95AE4FC}.Release|Mixed Platforms.Build.0 = Release|Any CPU
		{64FF98D4-4454-40F6-9577-37F6D95AE4FC}.Release|x86.ActiveCfg = Release|Any CPU
		{0AB2A06A-591F-4427-A5D3-9D7320E98369}.Debug|Any CPU.ActiveCfg = Debug|x86
		{0AB2A06A-591F-4427-A5D3-9D7320E98369}.Debug|Mixed Platforms.ActiveCfg = Debug|x86
		{0AB2A06A-591F-4427-A5D3-9D7320E98369}.Debug|Mixed Platforms.Build.0 = Debug|x86
		{0AB2A06A-591F-4427-A5D3-9D7320E98369}.Debug|x86.ActiveCfg = Debug|x86
		{0AB2A06A-591F-4427-A5D3-9D7320E98369}.Debug|x86.Build.0 = Debug|x86
		{0AB2A06A-591F-4427-A5D3-9D7320E98369}.Release|Any CPU.ActiveCfg = Release|x86
		{0AB2A06A-591F-4427-A5D3-9D7320E98369}.Release|Mixed Platforms.ActiveCfg = Release|x86
		{0AB2A06A-591F-4427-A5D3-9D7320E98369}.Release|Mixed Platforms.Build.0 = Release|x86
		{0AB2A06A-591F-4427-A5D3-9D7320E98369}.Release|x86.ActiveCfg = Release|x86
		{0AB2A06A-591F-4427-A5D3-9D7320E98369}.Release|x86.Build.0 = Release|x86
		{481132A3-D269-4952-B582-42C69C4891F4}.Debug|Any CPU.ActiveCfg = Debug|Any CPU
		{481132A3-D269-4952-B582-42C69C4891F4}.Debug|Any CPU.Build.0 = Debug|Any CPU
		{481132A3-D269-4952-B582-42C69C4891F4}.Debug|Mixed Platforms.ActiveCfg = Debug|Any CPU
		{481132A3-D269-4952-B582-42C69C4891F4}.Debug|Mixed Platforms.Build.0 = Debug|Any CPU
		{481132A3-D269-4952-B582-42C69C4891F4}.Debug|x86.ActiveCfg = Debug|Any CPU
		{481132A3-D269-4952-B582-42C69C4891F4}.Release|Any CPU.ActiveCfg = Release|Any CPU
		{481132A3-D269-4952-B582-42C69C4891F4}.Release|Any CPU.Build.0 = Release|Any CPU
		{481132A3-D269-4952-B582-42C69C4891F4}.Release|Mixed Platforms.ActiveCfg = Release|Any CPU
		{481132A3-D269-4952-B582-42C69C4891F4}.Release|Mixed Platforms.Build.0 = Release|Any CPU
		{481132A3-D269-4952-B582-42C69C4891F4}.Release|x86.ActiveCfg = Release|Any CPU
	EndGlobalSection
	GlobalSection(SolutionProperties) = preSolution
		HideSolutionNode = FALSE
	EndGlobalSection
	GlobalSection(ExtensibilityGlobals) = postSolution
		VisualSVNWorkingCopyRoot = .
	EndGlobalSection
EndGlobal
